// !$*UTF8*$!
{
	archiveVersion = 1;
	classes = {
	};
	objectVersion = 46;
	objects = {

/* Begin PBXBuildFile section */
		13E317711D0EA8050050033C /* AppDelegate.swift in Sources */ = {isa = PBXBuildFile; fileRef = 13E317701D0EA8050050033C /* AppDelegate.swift */; };
		13E317731D0EA8050050033C /* ViewController.swift in Sources */ = {isa = PBXBuildFile; fileRef = 13E317721D0EA8050050033C /* ViewController.swift */; };
		13E317781D0EA8050050033C /* Assets.xcassets in Resources */ = {isa = PBXBuildFile; fileRef = 13E317771D0EA8050050033C /* Assets.xcassets */; };
		13E3177B1D0EA8050050033C /* LaunchScreen.storyboard in Resources */ = {isa = PBXBuildFile; fileRef = 13E317791D0EA8050050033C /* LaunchScreen.storyboard */; };
		13E317831D0EAB130050033C /* InputViewController.swift in Sources */ = {isa = PBXBuildFile; fileRef = 13E317821D0EAB130050033C /* InputViewController.swift */; };
		13E317851D0EABAE0050033C /* Task.swift in Sources */ = {isa = PBXBuildFile; fileRef = 13E317841D0EABAE0050033C /* Task.swift */; };
		13E317871D0EABEA0050033C /* Main.storyboard in Resources */ = {isa = PBXBuildFile; fileRef = 13E317861D0EABEA0050033C /* Main.storyboard */; };
/* End PBXBuildFile section */

/* Begin PBXFileReference section */
		13E3176D1D0EA8050050033C /* taskApp3.app */ = {isa = PBXFileReference; explicitFileType = wrapper.application; includeInIndex = 0; path = taskApp3.app; sourceTree = BUILT_PRODUCTS_DIR; };
		13E317701D0EA8050050033C /* AppDelegate.swift */ = {isa = PBXFileReference; lastKnownFileType = sourcecode.swift; path = AppDelegate.swift; sourceTree = "<group>"; };
		13E317721D0EA8050050033C /* ViewController.swift */ = {isa = PBXFileReference; lastKnownFileType = sourcecode.swift; path = ViewController.swift; sourceTree = "<group>"; };
		13E317771D0EA8050050033C /* Assets.xcassets */ = {isa = PBXFileReference; lastKnownFileType = folder.assetcatalog; path = Assets.xcassets; sourceTree = "<group>"; };
		13E3177A1D0EA8050050033C /* Base */ = {isa = PBXFileReference; lastKnownFileType = file.storyboard; name = Base; path = Base.lproj/LaunchScreen.storyboard; sourceTree = "<group>"; };
		13E3177C1D0EA8050050033C /* Info.plist */ = {isa = PBXFileReference; lastKnownFileType = text.plist.xml; path = Info.plist; sourceTree = "<group>"; };
		13E317821D0EAB130050033C /* InputViewController.swift */ = {isa = PBXFileReference; fileEncoding = 4; lastKnownFileType = sourcecode.swift; path = InputViewController.swift; sourceTree = "<group>"; };
		13E317841D0EABAE0050033C /* Task.swift */ = {isa = PBXFileReference; fileEncoding = 4; lastKnownFileType = sourcecode.swift; path = Task.swift; sourceTree = "<group>"; };
		13E317861D0EABEA0050033C /* Main.storyboard */ = {isa = PBXFileReference; fileEncoding = 4; lastKnownFileType = file.storyboard; path = Main.storyboard; sourceTree = "<group>"; };
/* End PBXFileReference section */

/* Begin PBXFrameworksBuildPhase section */
		13E3176A1D0EA8050050033C /* Frameworks */ = {
			isa = PBXFrameworksBuildPhase;
			buildActionMask = 2147483647;
			files = (
			);
			runOnlyForDeploymentPostprocessing = 0;
		};
/* End PBXFrameworksBuildPhase section */

/* Begin PBXGroup section */
		13E317641D0EA8050050033C = {
			isa = PBXGroup;
			children = (
				13E3176F1D0EA8050050033C /* taskApp3 */,
				13E3176E1D0EA8050050033C /* Products */,
			);
			sourceTree = "<group>";
		};
		13E3176E1D0EA8050050033C /* Products */ = {
			isa = PBXGroup;
			children = (
				13E3176D1D0EA8050050033C /* taskApp3.app */,
			);
			name = Products;
			sourceTree = "<group>";
		};
		13E3176F1D0EA8050050033C /* taskApp3 */ = {
			isa = PBXGroup;
			children = (
				13E317701D0EA8050050033C /* AppDelegate.swift */,
				13E317821D0EAB130050033C /* InputViewController.swift */,
				13E317841D0EABAE0050033C /* Task.swift */,
				13E317721D0EA8050050033C /* ViewController.swift */,
				13E317861D0EABEA0050033C /* Main.storyboard */,
				13E317771D0EA8050050033C /* Assets.xcassets */,
				13E317791D0EA8050050033C /* LaunchScreen.storyboard */,
				13E3177C1D0EA8050050033C /* Info.plist */,
			);
			path = taskApp3;
			sourceTree = "<group>";
		};
/* End PBXGroup section */

/* Begin PBXNativeTarget section */
		13E3176C1D0EA8050050033C /* taskApp3 */ = {
			isa = PBXNativeTarget;
			buildConfigurationList = 13E3177F1D0EA8050050033C /* Build configuration list for PBXNativeTarget "taskApp3" */;
			buildPhases = (
				13E317691D0EA8050050033C /* Sources */,
				13E3176A1D0EA8050050033C /* Frameworks */,
				13E3176B1D0EA8050050033C /* Resources */,
			);
			buildRules = (
			);
			dependencies = (
			);
			name = taskApp3;
			productName = taskApp3;
			productReference = 13E3176D1D0EA8050050033C /* taskApp3.app */;
			productType = "com.apple.product-type.application";
		};
/* End PBXNativeTarget section */

/* Begin PBXProject section */
		13E317651D0EA8050050033C /* Project object */ = {
			isa = PBXProject;
			attributes = {
				LastSwiftUpdateCheck = 0730;
				LastUpgradeCheck = 0730;
				ORGANIZATIONNAME = shinsuke.imamura;
				TargetAttributes = {
					13E3176C1D0EA8050050033C = {
						CreatedOnToolsVersion = 7.3.1;
						DevelopmentTeam = JU56FLRDL2;
					};
				};
			};
			buildConfigurationList = 13E317681D0EA8050050033C /* Build configuration list for PBXProject "taskApp3" */;
			compatibilityVersion = "Xcode 3.2";
			developmentRegion = English;
			hasScannedForEncodings = 0;
			knownRegions = (
				en,
				Base,
			);
			mainGroup = 13E317641D0EA8050050033C;
			productRefGroup = 13E3176E1D0EA8050050033C /* Products */;
			projectDirPath = "";
			projectRoot = "";
			targets = (
				13E3176C1D0EA8050050033C /* taskApp3 */,
			);
		};
/* End PBXProject section */

/* Begin PBXResourcesBuildPhase section */
		13E3176B1D0EA8050050033C /* Resources */ = {
			isa = PBXResourcesBuildPhase;
			buildActionMask = 2147483647;
			files = (
				13E317871D0EABEA0050033C /* Main.storyboard in Resources */,
				13E3177B1D0EA8050050033C /* LaunchScreen.storyboard in Resources */,
				13E317781D0EA8050050033C /* Assets.xcassets in Resources */,
			);
			runOnlyForDeploymentPostprocessing = 0;
		};
/* End PBXResourcesBuildPhase section */

/* Begin PBXSourcesBuildPhase section */
		13E317691D0EA8050050033C /* Sources */ = {
			isa = PBXSourcesBuildPhase;
			buildActionMask = 2147483647;
			files = (
				13E317851D0EABAE0050033C /* Task.swift in Sources */,
				13E317831D0EAB130050033C /* InputViewController.swift in Sources */,
				13E317731D0EA8050050033C /* ViewController.swift in Sources */,
				13E317711D0EA8050050033C /* AppDelegate.swift in Sources */,
			);
			runOnlyForDeploymentPostprocessing = 0;
		};
/* End PBXSourcesBuildPhase section */

/* Begin PBXVariantGroup section */
		13E317791D0EA8050050033C /* LaunchScreen.storyboard */ = {
			isa = PBXVariantGroup;
			children = (
				13E3177A1D0EA8050050033C /* Base */,
			);
			name = LaunchScreen.storyboard;
			sourceTree = "<group>";
		};
/* End PBXVariantGroup section */

/* Begin XCBuildConfiguration section */
		13E3177D1D0EA8050050033C /* Debug */ = {
			isa = XCBuildConfiguration;
			buildSettings = {
				ALWAYS_SEARCH_USER_PATHS = NO;
				CLANG_ANALYZER_NONNULL = YES;
				CLANG_CXX_LANGUAGE_STANDARD = "gnu++0x";
				CLANG_CXX_LIBRARY = "libc++";
				CLANG_ENABLE_MODULES = YES;
				CLANG_ENABLE_OBJC_ARC = YES;
				CLANG_WARN_BOOL_CONVERSION = YES;
				CLANG_WARN_CONSTANT_CONVERSION = YES;
				CLANG_WARN_DIRECT_OBJC_ISA_USAGE = YES_ERROR;
				CLANG_WARN_EMPTY_BODY = YES;
				CLANG_WARN_ENUM_CONVERSION = YES;
				CLANG_WARN_INT_CONVERSION = YES;
				CLANG_WARN_OBJC_ROOT_CLASS = YES_ERROR;
				CLANG_WARN_UNREACHABLE_CODE = YES;
				CLANG_WARN__DUPLICATE_METHOD_MATCH = YES;
				"CODE_SIGN_IDENTITY[sdk=iphoneos*]" = "iPhone Developer";
				COPY_PHASE_STRIP = NO;
				DEBUG_INFORMATION_FORMAT = dwarf;
				ENABLE_STRICT_OBJC_MSGSEND = YES;
				ENABLE_TESTABILITY = YES;
				GCC_C_LANGUAGE_STANDARD = gnu99;
				GCC_DYNAMIC_NO_PIC = NO;
				GCC_NO_COMMON_BLOCKS = YES;
				GCC_OPTIMIZATION_LEVEL = 0;
				GCC_PREPROCESSOR_DEFINITIONS = (
					"DEBUG=1",
					"$(inherited)",
				);
				GCC_WARN_64_TO_32_BIT_CONVERSION = YES;
				GCC_WARN_ABOUT_RETURN_TYPE = YES_ERROR;
				GCC_WARN_UNDECLARED_SELECTOR = YES;
				GCC_WARN_UNINITIALIZED_AUTOS = YES_AGGRESSIVE;
				GCC_WARN_UNUSED_FUNCTION = YES;
				GCC_WARN_UNUSED_VARIABLE = YES;
				IPHONEOS_DEPLOYMENT_TARGET = 9.3;
				MTL_ENABLE_DEBUG_INFO = YES;
				ONLY_ACTIVE_ARCH = YES;
				SDKROOT = iphoneos;
				SWIFT_OPTIMIZATION_LEVEL = "-Onone";
			};
			name = Debug;
		};
		13E3177E1D0EA8050050033C /* Release */ = {
			isa = XCBuildConfiguration;
			buildSettings = {
				ALWAYS_SEARCH_USER_PATHS = NO;
				CLANG_ANALYZER_NONNULL = YES;
				CLANG_CXX_LANGUAGE_STANDARD = "gnu++0x";
				CLANG_CXX_LIBRARY = "libc++";
				CLANG_ENABLE_MODULES = YES;
				CLANG_ENABLE_OBJC_ARC = YES;
				CLANG_WARN_BOOL_CONVERSION = YES;
				CLANG_WARN_CONSTANT_CONVERSION = YES;
				CLANG_WARN_DIRECT_OBJC_ISA_USAGE = YES_ERROR;
				CLANG_WARN_EMPTY_BODY = YES;
				CLANG_WARN_ENUM_CONVERSION = YES;
				CLANG_WARN_INT_CONVERSION = YES;
				CLANG_WARN_OBJC_ROOT_CLASS = YES_ERROR;
				CLANG_WARN_UNREACHABLE_CODE = YES;
				CLANG_WARN__DUPLICATE_METHOD_MATCH = YES;
				"CODE_SIGN_IDENTITY[sdk=iphoneos*]" = "iPhone Developer";
				COPY_PHASE_STRIP = NO;
				DEBUG_INFORMATION_FORMAT = "dwarf-with-dsym";
				ENABLE_NS_ASSERTIONS = NO;
				ENABLE_STRICT_OBJC_MSGSEND = YES;
				GCC_C_LANGUAGE_STANDARD = gnu99;
				GCC_NO_COMMON_BLOCKS = YES;
				GCC_WARN_64_TO_32_BIT_CONVERSION = YES;
				GCC_WARN_ABOUT_RETURN_TYPE = YES_ERROR;
				GCC_WARN_UNDECLARED_SELECTOR = YES;
				GCC_WARN_UNINITIALIZED_AUTOS = YES_AGGRESSIVE;
				GCC_WARN_UNUSED_FUNCTION = YES;
				GCC_WARN_UNUSED_VARIABLE = YES;
				IPHONEOS_DEPLOYMENT_TARGET = 9.3;
				MTL_ENABLE_DEBUG_INFO = NO;
				SDKROOT = iphoneos;
				VALIDATE_PRODUCT = YES;
			};
			name = Release;
		};
		13E317801D0EA8050050033C /* Debug */ = {
			isa = XCBuildConfiguration;
			buildSettings = {
				ASSETCATALOG_COMPILER_APPICON_NAME = AppIcon;
				INFOPLIST_FILE = taskApp3/Info.plist;
				LD_RUNPATH_SEARCH_PATHS = "$(inherited) @executable_path/Frameworks";
				PRODUCT_BUNDLE_IDENTIFIER = jp.techacademy.shinsuke.imamura.taskApp3;
				PRODUCT_NAME = "$(TARGET_NAME)";
			};
			name = Debug;
		};
		13E317811D0EA8050050033C /* Release */ = {
			isa = XCBuildConfiguration;
			buildSettings = {
				ASSETCATALOG_COMPILER_APPICON_NAME = AppIcon;
				INFOPLIST_FILE = taskApp3/Info.plist;
				LD_RUNPATH_SEARCH_PATHS = "$(inherited) @executable_path/Frameworks";
				PRODUCT_BUNDLE_IDENTIFIER = jp.techacademy.shinsuke.imamura.taskApp3;
				PRODUCT_NAME = "$(TARGET_NAME)";
			};
			name = Release;
		};
/* End XCBuildConfiguration section */

/* Begin XCConfigurationList section */
		13E317681D0EA8050050033C /* Build configuration list for PBXProject "taskApp3" */ = {
			isa = XCConfigurationList;
			buildConfigurations = (
				13E3177D1D0EA8050050033C /* Debug */,
				13E3177E1D0EA8050050033C /* Release */,
			);
			defaultConfigurationIsVisible = 0;
			defaultConfigurationName = Release;
		};
		13E3177F1D0EA8050050033C /* Build configuration list for PBXNativeTarget "taskApp3" */ = {
			isa = XCConfigurationList;
			buildConfigurations = (
				13E317801D0EA8050050033C /* Debug */,
				13E317811D0EA8050050033C /* Release */,
			);
			defaultConfigurationIsVisible = 0;
			defaultConfigurationName = Release;
		};
/* End XCConfigurationList section */
	};
	rootObject = 13E317651D0EA8050050033C /* Project object */;
}
